{
  "name": "hwt",
  "version": "1.0.0",
  "lockfileVersion": 1,
  "requires": true,
  "dependencies": {
    "aos": {
      "version": "2.3.4",
      "resolved": "https://registry.npmjs.org/aos/-/aos-2.3.4.tgz",
      "integrity": "sha512-zh/ahtR2yME4I51z8IttIt4lC1Nw0ktsFtmeDzID1m9naJnWXhCoARaCgNOGXb5CLy3zm+wqmRAEgMYB5E2HUw==",
      "requires": {
        "classlist-polyfill": "^1.0.3",
        "lodash.debounce": "^4.0.6",
        "lodash.throttle": "^4.0.1"
      }
    },
    "bootstrap": {
      "version": "4.5.3",
      "resolved": "https://registry.npmjs.org/bootstrap/-/bootstrap-4.5.3.tgz",
      "integrity": "sha512-o9ppKQioXGqhw8Z7mah6KdTYpNQY//tipnkxppWhPbiSWdD+1raYsnhwEZjkTHYbGee4cVQ0Rx65EhOY/HNLcQ=="
    },
    "classlist-polyfill": {
      "version": "1.2.0",
      "resolved": "https://registry.npmjs.org/classlist-polyfill/-/classlist-polyfill-1.2.0.tgz",
      "integrity": "sha1-k1vC39lFiodrJ5YXUUY4vKqWSi4="
    },
    "core-js": {
      "version": "2.6.12",
      "resolved": "https://registry.npmjs.org/core-js/-/core-js-2.6.12.tgz",
      "integrity": "sha512-Kb2wC0fvsWfQrgk8HU5lW6U/Lcs8+9aaYcy4ZFc6DDlo4nZ7n70dEgE5rtR0oG6ufKDUnrwfWL1mXR5ljDatrQ=="
    },
    "jquery": {
      "version": "3.5.1",
      "resolved": "https://registry.npmjs.org/jquery/-/jquery-3.5.1.tgz",
      "integrity": "sha512-XwIBPqcMn57FxfT+Go5pzySnm4KWkT1Tv7gjrpT1srtf8Weynl6R273VJ5GjkRb51IzMp5nbaPjJXMWeju2MKg=="
    },
    "jquery-parallax.js": {
      "version": "1.5.0",
      "resolved": "https://registry.npmjs.org/jquery-parallax.js/-/jquery-parallax.js-1.5.0.tgz",
      "integrity": "sha512-+SyyADkSloW92ZbqJ53yT8M+36GLI+SFOM32q3NeScEJ32u+YCxrDCmpdZmBjrUcJ/CFYuaq9fRwvhfE5u75ew==",
      "requires": {
        "jquery": ">=1.7"
      }
    },
    "lodash-es": {
      "version": "4.17.20",
      "resolved": "https://registry.npmjs.org/lodash-es/-/lodash-es-4.17.20.tgz",
      "integrity": "sha512-JD1COMZsq8maT6mnuz1UMV0jvYD0E0aUsSOdrr1/nAG3dhqQXwRRgeW0cSqH1U43INKcqxaiVIQNOUDld7gRDA=="
    },
    "lodash.debounce": {
      "version": "4.0.8",
      "resolved": "https://registry.npmjs.org/lodash.debounce/-/lodash.debounce-4.0.8.tgz",
      "integrity": "sha1-gteb/zCmfEAF/9XiUVMArZyk168="
    },
    "lodash.throttle": {
      "version": "4.1.1",
      "resolved": "https://registry.npmjs.org/lodash.throttle/-/lodash.throttle-4.1.1.tgz",
      "integrity": "sha1-wj6RtxAkKscMN/HhzaknTMOb8vQ="
    },
    "owl.carousel": {
      "version": "2.3.4",
      "resolved": "https://registry.npmjs.org/owl.carousel/-/owl.carousel-2.3.4.tgz",
      "integrity": "sha512-JaDss9+feAvEW8KZppPSpllfposEzQiW+Ytt/Xm5t/3CTJ7YVmkh6RkWixoA2yXk2boIwedYxOvrrppIGzru9A==",
      "requires": {
        "jquery": ">=1.8.3"
      }
    },
    "smooth-scrollbar": {
      "version": "8.5.3",
      "resolved": "https://registry.npmjs.org/smooth-scrollbar/-/smooth-scrollbar-8.5.3.tgz",
      "integrity": "sha512-0cBr/pbwgdPXLukpvVzx3LtBxRURwitdEMCuzykp7urVPb7+Cx9UhIT6CtprENM9Ghulgn+I78YYTA9MRH380g==",
      "requires": {
        "core-js": "^2.6.9",
        "lodash-es": "^4.17.15",
        "tslib": "^1.10.0"
      }
    },
    "tslib": {
      "version": "1.14.1",
      "resolved": "https://registry.npmjs.org/tslib/-/tslib-1.14.1.tgz",
      "integrity": "sha512-Xni35NKzjgMrwevysHTCArtLDpPvye8zV/0E4EyYn43P7/7qvQwPh9BGkHewbMulVntbigmcT7rdX3BNo9wRJg=="
    }
  }
}
